
Microsoft Visual Studio Solution File, Format Version 12.00
# Visual Studio Version 17
VisualStudioVersion = 17.13.35806.99 d17.13
MinimumVisualStudioVersion = 10.0.40219.1
Project("{FAE04EC0-301F-11D3-BF4B-00C04F79EFBC}") = "User_management_application", "User_management_application.csproj", "{989D7409-439E-423D-97D5-50495E7F05BF}"
EndProject
Global
	GlobalSection(SolutionConfigurationPlatforms) = preSolution
		Debug|Any CPU = Debug|Any CPU
		Release|Any CPU = Release|Any CPU
	EndGlobalSection
	GlobalSection(ProjectConfigurationPlatforms) = postSolution
		{989D7409-439E-423D-97D5-50495E7F05BF}.Debug|Any CPU.ActiveCfg = Debug|Any CPU
		{989D7409-439E-423D-97D5-50495E7F05BF}.Debug|Any CPU.Build.0 = Debug|Any CPU
		{989D7409-439E-423D-97D5-50495E7F05BF}.Release|Any CPU.ActiveCfg = Release|Any CPU
		{989D7409-439E-423D-97D5-50495E7F05BF}.Release|Any CPU.Build.0 = Release|Any CPU
	EndGlobalSection
	GlobalSection(SolutionProperties) = preSolution
		HideSolutionNode = FALSE
	EndGlobalSection
	GlobalSection(ExtensibilityGlobals) = postSolution
		SolutionGuid = {4CD1D459-ADD3-4637-AF42-409281B5F6BB}
	EndGlobalSection
EndGlobal
